// !$*UTF8*$!
{
	archiveVersion = 1;
	classes = {
	};
	objectVersion = 46;
	objects = {

/* Begin PBXBuildFile section */
		EF0F484C1CFC18B700438B4F /* main.m in Sources */ = {isa = PBXBuildFile; fileRef = EF0F484B1CFC18B700438B4F /* main.m */; };
		EF0F484F1CFC18B700438B4F /* AppDelegate.m in Sources */ = {isa = PBXBuildFile; fileRef = EF0F484E1CFC18B700438B4F /* AppDelegate.m */; };
		EF0F48521CFC18B700438B4F /* ViewController.m in Sources */ = {isa = PBXBuildFile; fileRef = EF0F48511CFC18B700438B4F /* ViewController.m */; };
		EF0F48551CFC18B700438B4F /* Main.storyboard in Resources */ = {isa = PBXBuildFile; fileRef = EF0F48531CFC18B700438B4F /* Main.storyboard */; };
		EF0F48571CFC18B700438B4F /* Assets.xcassets in Resources */ = {isa = PBXBuildFile; fileRef = EF0F48561CFC18B700438B4F /* Assets.xcassets */; };
		EF0F485A1CFC18B700438B4F /* LaunchScreen.storyboard in Resources */ = {isa = PBXBuildFile; fileRef = EF0F48581CFC18B700438B4F /* LaunchScreen.storyboard */; };
		EF0F48651CFC18B700438B4F /* SOOLYcaculatorTests.m in Sources */ = {isa = PBXBuildFile; fileRef = EF0F48641CFC18B700438B4F /* SOOLYcaculatorTests.m */; };
		EF0F48701CFC18B700438B4F /* SOOLYcaculatorUITests.m in Sources */ = {isa = PBXBuildFile; fileRef = EF0F486F1CFC18B700438B4F /* SOOLYcaculatorUITests.m */; };
/* End PBXBuildFile section */

/* Begin PBXContainerItemProxy section */
		EF0F48611CFC18B700438B4F /* PBXContainerItemProxy */ = {
			isa = PBXContainerItemProxy;
			containerPortal = EF0F483F1CFC18B600438B4F /* Project object */;
			proxyType = 1;
			remoteGlobalIDString = EF0F48461CFC18B700438B4F;
			remoteInfo = SOOLYcaculator;
		};
		EF0F486C1CFC18B700438B4F /* PBXContainerItemProxy */ = {
			isa = PBXContainerItemProxy;
			containerPortal = EF0F483F1CFC18B600438B4F /* Project object */;
			proxyType = 1;
			remoteGlobalIDString = EF0F48461CFC18B700438B4F;
			remoteInfo = SOOLYcaculator;
		};
/* End PBXContainerItemProxy section */

/* Begin PBXFileReference section */
		EF0F48471CFC18B700438B4F /* SOOLYcaculator.app */ = {isa = PBXFileReference; explicitFileType = wrapper.application; includeInIndex = 0; path = SOOLYcaculator.app; sourceTree = BUILT_PRODUCTS_DIR; };
		EF0F484B1CFC18B700438B4F /* main.m */ = {isa = PBXFileReference; lastKnownFileType = sourcecode.c.objc; path = main.m; sourceTree = "<group>"; };
		EF0F484D1CFC18B700438B4F /* AppDelegate.h */ = {isa = PBXFileReference; lastKnownFileType = sourcecode.c.h; path = AppDelegate.h; sourceTree = "<group>"; };
		EF0F484E1CFC18B700438B4F /* AppDelegate.m */ = {isa = PBXFileReference; lastKnownFileType = sourcecode.c.objc; path = AppDelegate.m; sourceTree = "<group>"; };
		EF0F48501CFC18B700438B4F /* ViewController.h */ = {isa = PBXFileReference; lastKnownFileType = sourcecode.c.h; path = ViewController.h; sourceTree = "<group>"; };
		EF0F48511CFC18B700438B4F /* ViewController.m */ = {isa = PBXFileReference; lastKnownFileType = sourcecode.c.objc; path = ViewController.m; sourceTree = "<group>"; };
		EF0F48541CFC18B700438B4F /* Base */ = {isa = PBXFileReference; lastKnownFileType = file.storyboard; name = Base; path = Base.lproj/Main.storyboard; sourceTree = "<group>"; };
		EF0F48561CFC18B700438B4F /* Assets.xcassets */ = {isa = PBXFileReference; lastKnownFileType = folder.assetcatalog; path = Assets.xcassets; sourceTree = "<group>"; };
		EF0F48591CFC18B700438B4F /* Base */ = {isa = PBXFileReference; lastKnownFileType = file.storyboard; name = Base; path = Base.lproj/LaunchScreen.storyboard; sourceTree = "<group>"; };
		EF0F485B1CFC18B700438B4F /* Info.plist */ = {isa = PBXFileReference; lastKnownFileType = text.plist.xml; path = Info.plist; sourceTree = "<group>"; };
		EF0F48601CFC18B700438B4F /* SOOLYcaculatorTests.xctest */ = {isa = PBXFileReference; explicitFileType = wrapper.cfbundle; includeInIndex = 0; path = SOOLYcaculatorTests.xctest; sourceTree = BUILT_PRODUCTS_DIR; };
		EF0F48641CFC18B700438B4F /* SOOLYcaculatorTests.m */ = {isa = PBXFileReference; lastKnownFileType = sourcecode.c.objc; path = SOOLYcaculatorTests.m; sourceTree = "<group>"; };
		EF0F48661CFC18B700438B4F /* Info.plist */ = {isa = PBXFileReference; lastKnownFileType = text.plist.xml; path = Info.plist; sourceTree = "<group>"; };
		EF0F486B1CFC18B700438B4F /* SOOLYcaculatorUITests.xctest */ = {isa = PBXFileReference; explicitFileType = wrapper.cfbundle; includeInIndex = 0; path = SOOLYcaculatorUITests.xctest; sourceTree = BUILT_PRODUCTS_DIR; };
		EF0F486F1CFC18B700438B4F /* SOOLYcaculatorUITests.m */ = {isa = PBXFileReference; lastKnownFileType = sourcecode.c.objc; path = SOOLYcaculatorUITests.m; sourceTree = "<group>"; };
		EF0F48711CFC18B700438B4F /* Info.plist */ = {isa = PBXFileReference; lastKnownFileType = text.plist.xml; path = Info.plist; sourceTree = "<group>"; };
/* End PBXFileReference section */

/* Begin PBXFrameworksBuildPhase section */
		EF0F48441CFC18B700438B4F /* Frameworks */ = {
			isa = PBXFrameworksBuildPhase;
			buildActionMask = 2147483647;
			files = (
			);
			runOnlyForDeploymentPostprocessing = 0;
		};
		EF0F485D1CFC18B700438B4F /* Frameworks */ = {
			isa = PBXFrameworksBuildPhase;
			buildActionMask = 2147483647;
			files = (
			);
			runOnlyForDeploymentPostprocessing = 0;
		};
		EF0F48681CFC18B700438B4F /* Frameworks */ = {
			isa = PBXFrameworksBuildPhase;
			buildActionMask = 2147483647;
			files = (
			);
			runOnlyForDeploymentPostprocessing = 0;
		};
/* End PBXFrameworksBuildPhase section */

/* Begin PBXGroup section */
		EF0F483E1CFC18B600438B4F = {
			isa = PBXGroup;
			children = (
				EF0F48491CFC18B700438B4F /* SOOLYcaculator */,
				EF0F48631CFC18B700438B4F /* SOOLYcaculatorTests */,
				EF0F486E1CFC18B700438B4F /* SOOLYcaculatorUITests */,
				EF0F48481CFC18B700438B4F /* Products */,
			);
			sourceTree = "<group>";
		};
		EF0F48481CFC18B700438B4F /* Products */ = {
			isa = PBXGroup;
			children = (
				EF0F48471CFC18B700438B4F /* SOOLYcaculator.app */,
				EF0F48601CFC18B700438B4F /* SOOLYcaculatorTests.xctest */,
				EF0F486B1CFC18B700438B4F /* SOOLYcaculatorUITests.xctest */,
			);
			name = Products;
			sourceTree = "<group>";
		};
		EF0F48491CFC18B700438B4F /* SOOLYcaculator */ = {
			isa = PBXGroup;
			children = (
				EF0F484D1CFC18B700438B4F /* AppDelegate.h */,
				EF0F484E1CFC18B700438B4F /* AppDelegate.m */,
				EF0F48501CFC18B700438B4F /* ViewController.h */,
				EF0F48511CFC18B700438B4F /* ViewController.m */,
				EF0F48531CFC18B700438B4F /* Main.storyboard */,
				EF0F48561CFC18B700438B4F /* Assets.xcassets */,
				EF0F48581CFC18B700438B4F /* LaunchScreen.storyboard */,
				EF0F485B1CFC18B700438B4F /* Info.plist */,
				EF0F484A1CFC18B700438B4F /* Supporting Files */,
			);
			path = SOOLYcaculator;
			sourceTree = "<group>";
		};
		EF0F484A1CFC18B700438B4F /* Supporting Files */ = {
			isa = PBXGroup;
			children = (
				EF0F484B1CFC18B700438B4F /* main.m */,
			);
			name = "Supporting Files";
			sourceTree = "<group>";
		};
		EF0F48631CFC18B700438B4F /* SOOLYcaculatorTests */ = {
			isa = PBXGroup;
			children = (
				EF0F48641CFC18B700438B4F /* SOOLYcaculatorTests.m */,
				EF0F48661CFC18B700438B4F /* Info.plist */,
			);
			path = SOOLYcaculatorTests;
			sourceTree = "<group>";
		};
		EF0F486E1CFC18B700438B4F /* SOOLYcaculatorUITests */ = {
			isa = PBXGroup;
			children = (
				EF0F486F1CFC18B700438B4F /* SOOLYcaculatorUITests.m */,
				EF0F48711CFC18B700438B4F /* Info.plist */,
			);
			path = SOOLYcaculatorUITests;
			sourceTree = "<group>";
		};
/* End PBXGroup section */

/* Begin PBXNativeTarget section */
		EF0F48461CFC18B700438B4F /* SOOLYcaculator */ = {
			isa = PBXNativeTarget;
			buildConfigurationList = EF0F48741CFC18B700438B4F /* Build configuration list for PBXNativeTarget "SOOLYcaculator" */;
			buildPhases = (
				EF0F48431CFC18B700438B4F /* Sources */,
				EF0F48441CFC18B700438B4F /* Frameworks */,
				EF0F48451CFC18B700438B4F /* Resources */,
			);
			buildRules = (
			);
			dependencies = (
			);
			name = SOOLYcaculator;
			productName = SOOLYcaculator;
			productReference = EF0F48471CFC18B700438B4F /* SOOLYcaculator.app */;
			productType = "com.apple.product-type.application";
		};
		EF0F485F1CFC18B700438B4F /* SOOLYcaculatorTests */ = {
			isa = PBXNativeTarget;
			buildConfigurationList = EF0F48771CFC18B700438B4F /* Build configuration list for PBXNativeTarget "SOOLYcaculatorTests" */;
			buildPhases = (
				EF0F485C1CFC18B700438B4F /* Sources */,
				EF0F485D1CFC18B700438B4F /* Frameworks */,
				EF0F485E1CFC18B700438B4F /* Resources */,
			);
			buildRules = (
			);
			dependencies = (
				EF0F48621CFC18B700438B4F /* PBXTargetDependency */,
			);
			name = SOOLYcaculatorTests;
			productName = SOOLYcaculatorTests;
			productReference = EF0F48601CFC18B700438B4F /* SOOLYcaculatorTests.xctest */;
			productType = "com.apple.product-type.bundle.unit-test";
		};
		EF0F486A1CFC18B700438B4F /* SOOLYcaculatorUITests */ = {
			isa = PBXNativeTarget;
			buildConfigurationList = EF0F487A1CFC18B700438B4F /* Build configuration list for PBXNativeTarget "SOOLYcaculatorUITests" */;
			buildPhases = (
				EF0F48671CFC18B700438B4F /* Sources */,
				EF0F48681CFC18B700438B4F /* Frameworks */,
				EF0F48691CFC18B700438B4F /* Resources */,
			);
			buildRules = (
			);
			dependencies = (
				EF0F486D1CFC18B700438B4F /* PBXTargetDependency */,
			);
			name = SOOLYcaculatorUITests;
			productName = SOOLYcaculatorUITests;
			productReference = EF0F486B1CFC18B700438B4F /* SOOLYcaculatorUITests.xctest */;
			productType = "com.apple.product-type.bundle.ui-testing";
		};
/* End PBXNativeTarget section */

/* Begin PBXProject section */
		EF0F483F1CFC18B600438B4F /* Project object */ = {
			isa = PBXProject;
			attributes = {
				LastUpgradeCheck = 0720;
				ORGANIZATIONNAME = SOOLY;
				TargetAttributes = {
					EF0F48461CFC18B700438B4F = {
						CreatedOnToolsVersion = 7.2;
					};
					EF0F485F1CFC18B700438B4F = {
						CreatedOnToolsVersion = 7.2;
						TestTargetID = EF0F48461CFC18B700438B4F;
					};
					EF0F486A1CFC18B700438B4F = {
						CreatedOnToolsVersion = 7.2;
						TestTargetID = EF0F48461CFC18B700438B4F;
					};
				};
			};
			buildConfigurationList = EF0F48421CFC18B600438B4F /* Build configuration list for PBXProject "SOOLYcaculator" */;
			compatibilityVersion = "Xcode 3.2";
			developmentRegion = English;
			hasScannedForEncodings = 0;
			knownRegions = (
				en,
				Base,
			);
			mainGroup = EF0F483E1CFC18B600438B4F;
			productRefGroup = EF0F48481CFC18B700438B4F /* Products */;
			projectDirPath = "";
			projectRoot = "";
			targets = (
				EF0F48461CFC18B700438B4F /* SOOLYcaculator */,
				EF0F485F1CFC18B700438B4F /* SOOLYcaculatorTests */,
				EF0F486A1CFC18B700438B4F /* SOOLYcaculatorUITests */,
			);
		};
/* End PBXProject section */

/* Begin PBXResourcesBuildPhase section */
		EF0F48451CFC18B700438B4F /* Resources */ = {
			isa = PBXResourcesBuildPhase;
			buildActionMask = 2147483647;
			files = (
				EF0F485A1CFC18B700438B4F /* LaunchScreen.storyboard in Resources */,
				EF0F48571CFC18B700438B4F /* Assets.xcassets in Resources */,
				EF0F48551CFC18B700438B4F /* Main.storyboard in Resources */,
			);
			runOnlyForDeploymentPostprocessing = 0;
		};
		EF0F485E1CFC18B700438B4F /* Resources */ = {
			isa = PBXResourcesBuildPhase;
			buildActionMask = 2147483647;
			files = (
			);
			runOnlyForDeploymentPostprocessing = 0;
		};
		EF0F48691CFC18B700438B4F /* Resources */ = {
			isa = PBXResourcesBuildPhase;
			buildActionMask = 2147483647;
			files = (
			);
			runOnlyForDeploymentPostprocessing = 0;
		};
/* End PBXResourcesBuildPhase section */

/* Begin PBXSourcesBuildPhase section */
		EF0F48431CFC18B700438B4F /* Sources */ = {
			isa = PBXSourcesBuildPhase;
			buildActionMask = 2147483647;
			files = (
				EF0F48521CFC18B700438B4F /* ViewController.m in Sources */,
				EF0F484F1CFC18B700438B4F /* AppDelegate.m in Sources */,
				EF0F484C1CFC18B700438B4F /* main.m in Sources */,
			);
			runOnlyForDeploymentPostprocessing = 0;
		};
		EF0F485C1CFC18B700438B4F /* Sources */ = {
			isa = PBXSourcesBuildPhase;
			buildActionMask = 2147483647;
			files = (
				EF0F48651CFC18B700438B4F /* SOOLYcaculatorTests.m in Sources */,
			);
			runOnlyForDeploymentPostprocessing = 0;
		};
		EF0F48671CFC18B700438B4F /* Sources */ = {
			isa = PBXSourcesBuildPhase;
			buildActionMask = 2147483647;
			files = (
				EF0F48701CFC18B700438B4F /* SOOLYcaculatorUITests.m in Sources */,
			);
			runOnlyForDeploymentPostprocessing = 0;
		};
/* End PBXSourcesBuildPhase section */

/* Begin PBXTargetDependency section */
		EF0F48621CFC18B700438B4F /* PBXTargetDependency */ = {
			isa = PBXTargetDependency;
			target = EF0F48461CFC18B700438B4F /* SOOLYcaculator */;
			targetProxy = EF0F48611CFC18B700438B4F /* PBXContainerItemProxy */;
		};
		EF0F486D1CFC18B700438B4F /* PBXTargetDependency */ = {
			isa = PBXTargetDependency;
			target = EF0F48461CFC18B700438B4F /* SOOLYcaculator */;
			targetProxy = EF0F486C1CFC18B700438B4F /* PBXContainerItemProxy */;
		};
/* End PBXTargetDependency section */

/* Begin PBXVariantGroup section */
		EF0F48531CFC18B700438B4F /* Main.storyboard */ = {
			isa = PBXVariantGroup;
			children = (
				EF0F48541CFC18B700438B4F /* Base */,
			);
			name = Main.storyboard;
			sourceTree = "<group>";
		};
		EF0F48581CFC18B700438B4F /* LaunchScreen.storyboard */ = {
			isa = PBXVariantGroup;
			children = (
				EF0F48591CFC18B700438B4F /* Base */,
			);
			name = LaunchScreen.storyboard;
			sourceTree = "<group>";
		};
/* End PBXVariantGroup section */

/* Begin XCBuildConfiguration section */
		EF0F48721CFC18B700438B4F /* Debug */ = {
			isa = XCBuildConfiguration;
			buildSettings = {
				ALWAYS_SEARCH_USER_PATHS = NO;
				CLANG_CXX_LANGUAGE_STANDARD = "gnu++0x";
				CLANG_CXX_LIBRARY = "libc++";
				CLANG_ENABLE_MODULES = YES;
				CLANG_ENABLE_OBJC_ARC = YES;
				CLANG_WARN_BOOL_CONVERSION = YES;
				CLANG_WARN_CONSTANT_CONVERSION = YES;
				CLANG_WARN_DIRECT_OBJC_ISA_USAGE = YES_ERROR;
				CLANG_WARN_EMPTY_BODY = YES;
				CLANG_WARN_ENUM_CONVERSION = YES;
				CLANG_WARN_INT_CONVERSION = YES;
				CLANG_WARN_OBJC_ROOT_CLASS = YES_ERROR;
				CLANG_WARN_UNREACHABLE_CODE = YES;
				CLANG_WARN__DUPLICATE_METHOD_MATCH = YES;
				"CODE_SIGN_IDENTITY[sdk=iphoneos*]" = "iPhone Developer";
				COPY_PHASE_STRIP = NO;
				DEBUG_INFORMATION_FORMAT = dwarf;
				ENABLE_STRICT_OBJC_MSGSEND = YES;
				ENABLE_TESTABILITY = YES;
				GCC_C_LANGUAGE_STANDARD = gnu99;
				GCC_DYNAMIC_NO_PIC = NO;
				GCC_NO_COMMON_BLOCKS = YES;
				GCC_OPTIMIZATION_LEVEL = 0;
				GCC_PREPROCESSOR_DEFINITIONS = (
					"DEBUG=1",
					"$(inherited)",
				);
				GCC_WARN_64_TO_32_BIT_CONVERSION = YES;
				GCC_WARN_ABOUT_RETURN_TYPE = YES_ERROR;
				GCC_WARN_UNDECLARED_SELECTOR = YES;
				GCC_WARN_UNINITIALIZED_AUTOS = YES_AGGRESSIVE;
				GCC_WARN_UNUSED_FUNCTION = YES;
				GCC_WARN_UNUSED_VARIABLE = YES;
				IPHONEOS_DEPLOYMENT_TARGET = 9.2;
				MTL_ENABLE_DEBUG_INFO = YES;
				ONLY_ACTIVE_ARCH = YES;
				SDKROOT = iphoneos;
				TARGETED_DEVICE_FAMILY = "1,2";
			};
			name = Debug;
		};
		EF0F48731CFC18B700438B4F /* Release */ = {
			isa = XCBuildConfiguration;
			buildSettings = {
				ALWAYS_SEARCH_USER_PATHS = NO;
				CLANG_CXX_LANGUAGE_STANDARD = "gnu++0x";
				CLANG_CXX_LIBRARY = "libc++";
				CLANG_ENABLE_MODULES = YES;
				CLANG_ENABLE_OBJC_ARC = YES;
				CLANG_WARN_BOOL_CONVERSION = YES;
				CLANG_WARN_CONSTANT_CONVERSION = YES;
				CLANG_WARN_DIRECT_OBJC_ISA_USAGE = YES_ERROR;
				CLANG_WARN_EMPTY_BODY = YES;
				CLANG_WARN_ENUM_CONVERSION = YES;
				CLANG_WARN_INT_CONVERSION = YES;
				CLANG_WARN_OBJC_ROOT_CLASS = YES_ERROR;
				CLANG_WARN_UNREACHABLE_CODE = YES;
				CLANG_WARN__DUPLICATE_METHOD_MATCH = YES;
				"CODE_SIGN_IDENTITY[sdk=iphoneos*]" = "iPhone Developer";
				COPY_PHASE_STRIP = NO;
				DEBUG_INFORMATION_FORMAT = "dwarf-with-dsym";
				ENABLE_NS_ASSERTIONS = NO;
				ENABLE_STRICT_OBJC_MSGSEND = YES;
				GCC_C_LANGUAGE_STANDARD = gnu99;
				GCC_NO_COMMON_BLOCKS = YES;
				GCC_WARN_64_TO_32_BIT_CONVERSION = YES;
				GCC_WARN_ABOUT_RETURN_TYPE = YES_ERROR;
				GCC_WARN_UNDECLARED_SELECTOR = YES;
				GCC_WARN_UNINITIALIZED_AUTOS = YES_AGGRESSIVE;
				GCC_WARN_UNUSED_FUNCTION = YES;
				GCC_WARN_UNUSED_VARIABLE = YES;
				IPHONEOS_DEPLOYMENT_TARGET = 9.2;
				MTL_ENABLE_DEBUG_INFO = NO;
				SDKROOT = iphoneos;
				TARGETED_DEVICE_FAMILY = "1,2";
				VALIDATE_PRODUCT = YES;
			};
			name = Release;
		};
		EF0F48751CFC18B700438B4F /* Debug */ = {
			isa = XCBuildConfiguration;
			buildSettings = {
				ASSETCATALOG_COMPILER_APPICON_NAME = AppIcon;
				INFOPLIST_FILE = SOOLYcaculator/Info.plist;
				LD_RUNPATH_SEARCH_PATHS = "$(inherited) @executable_path/Frameworks";
				PRODUCT_BUNDLE_IDENTIFIER = NSObject.SOOLYcaculator;
				PRODUCT_NAME = "$(TARGET_NAME)";
			};
			name = Debug;
		};
		EF0F48761CFC18B700438B4F /* Release */ = {
			isa = XCBuildConfiguration;
			buildSettings = {
				ASSETCATALOG_COMPILER_APPICON_NAME = AppIcon;
				INFOPLIST_FILE = SOOLYcaculator/Info.plist;
				LD_RUNPATH_SEARCH_PATHS = "$(inherited) @executable_path/Frameworks";
				PRODUCT_BUNDLE_IDENTIFIER = NSObject.SOOLYcaculator;
				PRODUCT_NAME = "$(TARGET_NAME)";
			};
			name = Release;
		};
		EF0F48781CFC18B700438B4F /* Debug */ = {
			isa = XCBuildConfiguration;
			buildSettings = {
				BUNDLE_LOADER = "$(TEST_HOST)";
				INFOPLIST_FILE = SOOLYcaculatorTests/Info.plist;
				LD_RUNPATH_SEARCH_PATHS = "$(inherited) @executable_path/Frameworks @loader_path/Frameworks";
				PRODUCT_BUNDLE_IDENTIFIER = NSObject.SOOLYcaculatorTests;
				PRODUCT_NAME = "$(TARGET_NAME)";
				TEST_HOST = "$(BUILT_PRODUCTS_DIR)/SOOLYcaculator.app/SOOLYcaculator";
			};
			name = Debug;
		};
		EF0F48791CFC18B700438B4F /* Release */ = {
			isa = XCBuildConfiguration;
			buildSettings = {
				BUNDLE_LOADER = "$(TEST_HOST)";
				INFOPLIST_FILE = SOOLYcaculatorTests/Info.plist;
				LD_RUNPATH_SEARCH_PATHS = "$(inherited) @executable_path/Frameworks @loader_path/Frameworks";
				PRODUCT_BUNDLE_IDENTIFIER = NSObject.SOOLYcaculatorTests;
				PRODUCT_NAME = "$(TARGET_NAME)";
				TEST_HOST = "$(BUILT_PRODUCTS_DIR)/SOOLYcaculator.app/SOOLYcaculator";
			};
			name = Release;
		};
		EF0F487B1CFC18B700438B4F /* Debug */ = {
			isa = XCBuildConfiguration;
			buildSettings = {
				INFOPLIST_FILE = SOOLYcaculatorUITests/Info.plist;
				LD_RUNPATH_SEARCH_PATHS = "$(inherited) @executable_path/Frameworks @loader_path/Frameworks";
				PRODUCT_BUNDLE_IDENTIFIER = NSObject.SOOLYcaculatorUITests;
				PRODUCT_NAME = "$(TARGET_NAME)";
				TEST_TARGET_NAME = SOOLYcaculator;
				USES_XCTRUNNER = YES;
			};
			name = Debug;
		};
		EF0F487C1CFC18B700438B4F /* Release */ = {
			isa = XCBuildConfiguration;
			buildSettings = {
				INFOPLIST_FILE = SOOLYcaculatorUITests/Info.plist;
				LD_RUNPATH_SEARCH_PATHS = "$(inherited) @executable_path/Frameworks @loader_path/Frameworks";
				PRODUCT_BUNDLE_IDENTIFIER = NSObject.SOOLYcaculatorUITests;
				PRODUCT_NAME = "$(TARGET_NAME)";
				TEST_TARGET_NAME = SOOLYcaculator;
				USES_XCTRUNNER = YES;
			};
			name = Release;
		};
/* End XCBuildConfiguration section */

/* Begin XCConfigurationList section */
		EF0F48421CFC18B600438B4F /* Build configuration list for PBXProject "SOOLYcaculator" */ = {
			isa = XCConfigurationList;
			buildConfigurations = (
				EF0F48721CFC18B700438B4F /* Debug */,
				EF0F48731CFC18B700438B4F /* Release */,
			);
			defaultConfigurationIsVisible = 0;
			defaultConfigurationName = Release;
		};
		EF0F48741CFC18B700438B4F /* Build configuration list for PBXNativeTarget "SOOLYcaculator" */ = {
			isa = XCConfigurationList;
			buildConfigurations = (
				EF0F48751CFC18B700438B4F /* Debug */,
				EF0F48761CFC18B700438B4F /* Release */,
			);
			defaultConfigurationIsVisible = 0;
		};
		EF0F48771CFC18B700438B4F /* Build configuration list for PBXNativeTarget "SOOLYcaculatorTests" */ = {
			isa = XCConfigurationList;
			buildConfigurations = (
				EF0F48781CFC18B700438B4F /* Debug */,
				EF0F48791CFC18B700438B4F /* Release */,
			);
			defaultConfigurationIsVisible = 0;
		};
		EF0F487A1CFC18B700438B4F /* Build configuration list for PBXNativeTarget "SOOLYcaculatorUITests" */ = {
			isa = XCConfigurationList;
			buildConfigurations = (
				EF0F487B1CFC18B700438B4F /* Debug */,
				EF0F487C1CFC18B700438B4F /* Release */,
			);
			defaultConfigurationIsVisible = 0;
		};
/* End XCConfigurationList section */
	};
	rootObject = EF0F483F1CFC18B600438B4F /* Project object */;
}
